
Microsoft Visual Studio Solution File, Format Version 12.00
# Visual Studio 2013
VisualStudioVersion = 12.0.30501.0
MinimumVisualStudioVersion = 10.0.40219.1
Project("{FAE04EC0-301F-11D3-BF4B-00C04F79EFBC}") = "Network Study2 - Chat Server", "Network Study2 - Chat Server\Network Study2 - Chat Server.csproj", "{DAD122F2-591B-4071-85DD-6C7D984A4F53}"
EndProject
Project("{FAE04EC0-301F-11D3-BF4B-00C04F79EFBC}") = "Network Study2 - Chat Client", "Network Study2 - Chat Client\Network Study2 - Chat Client.csproj", "{69FEFB4E-E9BB-44CF-952C-2DEE96889573}"
EndProject
Global
	GlobalSection(SolutionConfigurationPlatforms) = preSolution
		Debug|Any CPU = Debug|Any CPU
		Release|Any CPU = Release|Any CPU
	EndGlobalSection
	GlobalSection(ProjectConfigurationPlatforms) = postSolution
		{DAD122F2-591B-4071-85DD-6C7D984A4F53}.Debug|Any CPU.ActiveCfg = Debug|Any CPU
		{DAD122F2-591B-4071-85DD-6C7D984A4F53}.Debug|Any CPU.Build.0 = Debug|Any CPU
		{DAD122F2-591B-4071-85DD-6C7D984A4F53}.Release|Any CPU.ActiveCfg = Release|Any CPU
		{DAD122F2-591B-4071-85DD-6C7D984A4F53}.Release|Any CPU.Build.0 = Release|Any CPU
		{69FEFB4E-E9BB-44CF-952C-2DEE96889573}.Debug|Any CPU.ActiveCfg = Debug|Any CPU
		{69FEFB4E-E9BB-44CF-952C-2DEE96889573}.Debug|Any CPU.Build.0 = Debug|Any CPU
		{69FEFB4E-E9BB-44CF-952C-2DEE96889573}.Release|Any CPU.ActiveCfg = Release|Any CPU
		{69FEFB4E-E9BB-44CF-952C-2DEE96889573}.Release|Any CPU.Build.0 = Release|Any CPU
	EndGlobalSection
	GlobalSection(SolutionProperties) = preSolution
		HideSolutionNode = FALSE
	EndGlobalSection
EndGlobal
